
Microsoft Visual Studio Solution File, Format Version 12.00
# Visual Studio Version 16
VisualStudioVersion = 16.0.31613.86
MinimumVisualStudioVersion = 10.0.40219.1
Project("{FAE04EC0-301F-11D3-BF4B-00C04F79EFBC}") = "ÖvningCICD", "ÖvningCICD\ÖvningCICD.csproj", "{89CD1A82-1B01-48D0-8BF7-02C66D72F6D4}"
EndProject
Global
	GlobalSection(SolutionConfigurationPlatforms) = preSolution
		Debug|Any CPU = Debug|Any CPU
		Release|Any CPU = Release|Any CPU
	EndGlobalSection
	GlobalSection(ProjectConfigurationPlatforms) = postSolution
		{89CD1A82-1B01-48D0-8BF7-02C66D72F6D4}.Debug|Any CPU.ActiveCfg = Debug|Any CPU
		{89CD1A82-1B01-48D0-8BF7-02C66D72F6D4}.Debug|Any CPU.Build.0 = Debug|Any CPU
		{89CD1A82-1B01-48D0-8BF7-02C66D72F6D4}.Release|Any CPU.ActiveCfg = Release|Any CPU
		{89CD1A82-1B01-48D0-8BF7-02C66D72F6D4}.Release|Any CPU.Build.0 = Release|Any CPU
	EndGlobalSection
	GlobalSection(SolutionProperties) = preSolution
		HideSolutionNode = FALSE
	EndGlobalSection
	GlobalSection(ExtensibilityGlobals) = postSolution
		SolutionGuid = {D117677A-EB54-4016-8027-AE666B3CE035}
	EndGlobalSection
EndGlobal
